
Microsoft Visual Studio Solution File, Format Version 12.00
# Visual Studio 15
Project("{FAE04EC0-301F-11D3-BF4B-00C04F79EFBC}") = "KotoUmi.Plugins", "KotoUmi.Plugins.csproj", "{9BC4642A-1539-CD13-8B1D-4E223C253570}"
EndProject
Project("{FAE04EC0-301F-11D3-BF4B-00C04F79EFBC}") = "KotoUmi", "KotoUmi.csproj", "{371B10B8-59AA-308B-D869-4B3D949E70A7}"
EndProject
Project("{FAE04EC0-301F-11D3-BF4B-00C04F79EFBC}") = "KotoUmi.Editor", "KotoUmi.Editor.csproj", "{CC00B0BB-4E02-B32E-564A-DCC858196A5F}"
EndProject
Global
	GlobalSection(SolutionConfigurationPlatforms) = preSolution
		Debug|Any CPU = Debug|Any CPU
		Release|Any CPU = Release|Any CPU
	EndGlobalSection
	GlobalSection(ProjectConfigurationPlatforms) = postSolution
		{9BC4642A-1539-CD13-8B1D-4E223C253570}.Debug|Any CPU.ActiveCfg = Debug|Any CPU
		{9BC4642A-1539-CD13-8B1D-4E223C253570}.Debug|Any CPU.Build.0 = Debug|Any CPU
		{9BC4642A-1539-CD13-8B1D-4E223C253570}.Release|Any CPU.ActiveCfg = Release|Any CPU
		{9BC4642A-1539-CD13-8B1D-4E223C253570}.Release|Any CPU.Build.0 = Release|Any CPU
		{371B10B8-59AA-308B-D869-4B3D949E70A7}.Debug|Any CPU.ActiveCfg = Debug|Any CPU
		{371B10B8-59AA-308B-D869-4B3D949E70A7}.Debug|Any CPU.Build.0 = Debug|Any CPU
		{371B10B8-59AA-308B-D869-4B3D949E70A7}.Release|Any CPU.ActiveCfg = Release|Any CPU
		{371B10B8-59AA-308B-D869-4B3D949E70A7}.Release|Any CPU.Build.0 = Release|Any CPU
		{CC00B0BB-4E02-B32E-564A-DCC858196A5F}.Debug|Any CPU.ActiveCfg = Debug|Any CPU
		{CC00B0BB-4E02-B32E-564A-DCC858196A5F}.Debug|Any CPU.Build.0 = Debug|Any CPU
		{CC00B0BB-4E02-B32E-564A-DCC858196A5F}.Release|Any CPU.ActiveCfg = Release|Any CPU
		{CC00B0BB-4E02-B32E-564A-DCC858196A5F}.Release|Any CPU.Build.0 = Release|Any CPU
	EndGlobalSection
	GlobalSection(SolutionProperties) = preSolution
		HideSolutionNode = FALSE
	EndGlobalSection
EndGlobal
